// !$*UTF8*$!
{
	archiveVersion = 1;
	classes = {
	};
	objectVersion = 46;
	objects = {

/* Begin PBXBuildFile section */
		3CA337431DD3992E00372183 /* AppDelegate.swift in Sources */ = {isa = PBXBuildFile; fileRef = 3CA337421DD3992E00372183 /* AppDelegate.swift */; };
		3CA337451DD3992E00372183 /* ViewController.swift in Sources */ = {isa = PBXBuildFile; fileRef = 3CA337441DD3992E00372183 /* ViewController.swift */; };
		3CA337481DD3992E00372183 /* Main.storyboard in Resources */ = {isa = PBXBuildFile; fileRef = 3CA337461DD3992E00372183 /* Main.storyboard */; };
		3CA3374A1DD3992E00372183 /* Assets.xcassets in Resources */ = {isa = PBXBuildFile; fileRef = 3CA337491DD3992E00372183 /* Assets.xcassets */; };
		3CA3374D1DD3992E00372183 /* LaunchScreen.storyboard in Resources */ = {isa = PBXBuildFile; fileRef = 3CA3374B1DD3992E00372183 /* LaunchScreen.storyboard */; };
		3CA337581DD3997D00372183 /* NetworkProcessing.swift in Sources */ = {isa = PBXBuildFile; fileRef = 3CA337571DD3997D00372183 /* NetworkProcessing.swift */; };
		3CA3375A1DD399AB00372183 /* CurrentWeather.swift in Sources */ = {isa = PBXBuildFile; fileRef = 3CA337591DD399AB00372183 /* CurrentWeather.swift */; };
		3CA3375C1DD399CC00372183 /* ForecastService.swift in Sources */ = {isa = PBXBuildFile; fileRef = 3CA3375B1DD399CC00372183 /* ForecastService.swift */; };
		3CA3375E1DD39CCE00372183 /* CityTableViewCell.swift in Sources */ = {isa = PBXBuildFile; fileRef = 3CA3375D1DD39CCE00372183 /* CityTableViewCell.swift */; };
		3CAE2EE11DD39D990079AF88 /* CitiesTableViewController.swift in Sources */ = {isa = PBXBuildFile; fileRef = 3CAE2EE01DD39D990079AF88 /* CitiesTableViewController.swift */; };
		3CAE2EE51DD39DEC0079AF88 /* City.swift in Sources */ = {isa = PBXBuildFile; fileRef = 3CAE2EE41DD39DEC0079AF88 /* City.swift */; };
/* End PBXBuildFile section */

/* Begin PBXFileReference section */
		3CA3373F1DD3992E00372183 /* Forecast.me.app */ = {isa = PBXFileReference; explicitFileType = wrapper.application; includeInIndex = 0; path = Forecast.me.app; sourceTree = BUILT_PRODUCTS_DIR; };
		3CA337421DD3992E00372183 /* AppDelegate.swift */ = {isa = PBXFileReference; lastKnownFileType = sourcecode.swift; path = AppDelegate.swift; sourceTree = "<group>"; };
		3CA337441DD3992E00372183 /* ViewController.swift */ = {isa = PBXFileReference; lastKnownFileType = sourcecode.swift; path = ViewController.swift; sourceTree = "<group>"; };
		3CA337471DD3992E00372183 /* Base */ = {isa = PBXFileReference; lastKnownFileType = file.storyboard; name = Base; path = Base.lproj/Main.storyboard; sourceTree = "<group>"; };
		3CA337491DD3992E00372183 /* Assets.xcassets */ = {isa = PBXFileReference; lastKnownFileType = folder.assetcatalog; path = Assets.xcassets; sourceTree = "<group>"; };
		3CA3374C1DD3992E00372183 /* Base */ = {isa = PBXFileReference; lastKnownFileType = file.storyboard; name = Base; path = Base.lproj/LaunchScreen.storyboard; sourceTree = "<group>"; };
		3CA3374E1DD3992E00372183 /* Info.plist */ = {isa = PBXFileReference; lastKnownFileType = text.plist.xml; path = Info.plist; sourceTree = "<group>"; };
		3CA337571DD3997D00372183 /* NetworkProcessing.swift */ = {isa = PBXFileReference; fileEncoding = 4; lastKnownFileType = sourcecode.swift; path = NetworkProcessing.swift; sourceTree = "<group>"; };
		3CA337591DD399AB00372183 /* CurrentWeather.swift */ = {isa = PBXFileReference; fileEncoding = 4; lastKnownFileType = sourcecode.swift; path = CurrentWeather.swift; sourceTree = "<group>"; };
		3CA3375B1DD399CC00372183 /* ForecastService.swift */ = {isa = PBXFileReference; fileEncoding = 4; lastKnownFileType = sourcecode.swift; path = ForecastService.swift; sourceTree = "<group>"; };
		3CA3375D1DD39CCE00372183 /* CityTableViewCell.swift */ = {isa = PBXFileReference; fileEncoding = 4; lastKnownFileType = sourcecode.swift; path = CityTableViewCell.swift; sourceTree = "<group>"; };
		3CAE2EE01DD39D990079AF88 /* CitiesTableViewController.swift */ = {isa = PBXFileReference; fileEncoding = 4; lastKnownFileType = sourcecode.swift; path = CitiesTableViewController.swift; sourceTree = "<group>"; };
		3CAE2EE41DD39DEC0079AF88 /* City.swift */ = {isa = PBXFileReference; fileEncoding = 4; lastKnownFileType = sourcecode.swift; path = City.swift; sourceTree = "<group>"; };
/* End PBXFileReference section */

/* Begin PBXFrameworksBuildPhase section */
		3CA3373C1DD3992E00372183 /* Frameworks */ = {
			isa = PBXFrameworksBuildPhase;
			buildActionMask = 2147483647;
			files = (
			);
			runOnlyForDeploymentPostprocessing = 0;
		};
/* End PBXFrameworksBuildPhase section */

/* Begin PBXGroup section */
		3CA337361DD3992E00372183 = {
			isa = PBXGroup;
			children = (
				3CA337411DD3992E00372183 /* Forecast.me */,
				3CA337401DD3992E00372183 /* Products */,
			);
			sourceTree = "<group>";
		};
		3CA337401DD3992E00372183 /* Products */ = {
			isa = PBXGroup;
			children = (
				3CA3373F1DD3992E00372183 /* Forecast.me.app */,
			);
			name = Products;
			sourceTree = "<group>";
		};
		3CA337411DD3992E00372183 /* Forecast.me */ = {
			isa = PBXGroup;
			children = (
				3CA337561DD3996C00372183 /* Model */,
				3CA337551DD3996800372183 /* View */,
				3CA337541DD3996100372183 /* Controller */,
				3CA337421DD3992E00372183 /* AppDelegate.swift */,
				3CA337461DD3992E00372183 /* Main.storyboard */,
				3CA337491DD3992E00372183 /* Assets.xcassets */,
				3CA3374B1DD3992E00372183 /* LaunchScreen.storyboard */,
				3CA3374E1DD3992E00372183 /* Info.plist */,
			);
			path = Forecast.me;
			sourceTree = "<group>";
		};
		3CA337541DD3996100372183 /* Controller */ = {
			isa = PBXGroup;
			children = (
				3CA337441DD3992E00372183 /* ViewController.swift */,
				3CAE2EE01DD39D990079AF88 /* CitiesTableViewController.swift */,
				3CA3375D1DD39CCE00372183 /* CityTableViewCell.swift */,
			);
			name = Controller;
			sourceTree = "<group>";
		};
		3CA337551DD3996800372183 /* View */ = {
			isa = PBXGroup;
			children = (
			);
			name = View;
			sourceTree = "<group>";
		};
		3CA337561DD3996C00372183 /* Model */ = {
			isa = PBXGroup;
			children = (
				3CA337571DD3997D00372183 /* NetworkProcessing.swift */,
				3CA337591DD399AB00372183 /* CurrentWeather.swift */,
				3CA3375B1DD399CC00372183 /* ForecastService.swift */,
				3CAE2EE41DD39DEC0079AF88 /* City.swift */,
			);
			name = Model;
			sourceTree = "<group>";
		};
/* End PBXGroup section */

/* Begin PBXNativeTarget section */
		3CA3373E1DD3992E00372183 /* Forecast.me */ = {
			isa = PBXNativeTarget;
			buildConfigurationList = 3CA337511DD3992E00372183 /* Build configuration list for PBXNativeTarget "Forecast.me" */;
			buildPhases = (
				3CA3373B1DD3992E00372183 /* Sources */,
				3CA3373C1DD3992E00372183 /* Frameworks */,
				3CA3373D1DD3992E00372183 /* Resources */,
			);
			buildRules = (
			);
			dependencies = (
			);
			name = Forecast.me;
			productName = Forecast.me;
			productReference = 3CA3373F1DD3992E00372183 /* Forecast.me.app */;
			productType = "com.apple.product-type.application";
		};
/* End PBXNativeTarget section */

/* Begin PBXProject section */
		3CA337371DD3992E00372183 /* Project object */ = {
			isa = PBXProject;
			attributes = {
				LastSwiftUpdateCheck = 0800;
				LastUpgradeCheck = 0800;
				ORGANIZATIONNAME = "Caleb Davis";
				TargetAttributes = {
					3CA3373E1DD3992E00372183 = {
						CreatedOnToolsVersion = 8.0;
						ProvisioningStyle = Automatic;
					};
				};
			};
			buildConfigurationList = 3CA3373A1DD3992E00372183 /* Build configuration list for PBXProject "Forecast.me" */;
			compatibilityVersion = "Xcode 3.2";
			developmentRegion = English;
			hasScannedForEncodings = 0;
			knownRegions = (
				en,
				Base,
			);
			mainGroup = 3CA337361DD3992E00372183;
			productRefGroup = 3CA337401DD3992E00372183 /* Products */;
			projectDirPath = "";
			projectRoot = "";
			targets = (
				3CA3373E1DD3992E00372183 /* Forecast.me */,
			);
		};
/* End PBXProject section */

/* Begin PBXResourcesBuildPhase section */
		3CA3373D1DD3992E00372183 /* Resources */ = {
			isa = PBXResourcesBuildPhase;
			buildActionMask = 2147483647;
			files = (
				3CA3374D1DD3992E00372183 /* LaunchScreen.storyboard in Resources */,
				3CA3374A1DD3992E00372183 /* Assets.xcassets in Resources */,
				3CA337481DD3992E00372183 /* Main.storyboard in Resources */,
			);
			runOnlyForDeploymentPostprocessing = 0;
		};
/* End PBXResourcesBuildPhase section */

/* Begin PBXSourcesBuildPhase section */
		3CA3373B1DD3992E00372183 /* Sources */ = {
			isa = PBXSourcesBuildPhase;
			buildActionMask = 2147483647;
			files = (
				3CA3375E1DD39CCE00372183 /* CityTableViewCell.swift in Sources */,
				3CA337451DD3992E00372183 /* ViewController.swift in Sources */,
				3CA337431DD3992E00372183 /* AppDelegate.swift in Sources */,
				3CA3375A1DD399AB00372183 /* CurrentWeather.swift in Sources */,
				3CAE2EE11DD39D990079AF88 /* CitiesTableViewController.swift in Sources */,
				3CA3375C1DD399CC00372183 /* ForecastService.swift in Sources */,
				3CAE2EE51DD39DEC0079AF88 /* City.swift in Sources */,
				3CA337581DD3997D00372183 /* NetworkProcessing.swift in Sources */,
			);
			runOnlyForDeploymentPostprocessing = 0;
		};
/* End PBXSourcesBuildPhase section */

/* Begin PBXVariantGroup section */
		3CA337461DD3992E00372183 /* Main.storyboard */ = {
			isa = PBXVariantGroup;
			children = (
				3CA337471DD3992E00372183 /* Base */,
			);
			name = Main.storyboard;
			sourceTree = "<group>";
		};
		3CA3374B1DD3992E00372183 /* LaunchScreen.storyboard */ = {
			isa = PBXVariantGroup;
			children = (
				3CA3374C1DD3992E00372183 /* Base */,
			);
			name = LaunchScreen.storyboard;
			sourceTree = "<group>";
		};
/* End PBXVariantGroup section */

/* Begin XCBuildConfiguration section */
		3CA3374F1DD3992E00372183 /* Debug */ = {
			isa = XCBuildConfiguration;
			buildSettings = {
				ALWAYS_SEARCH_USER_PATHS = NO;
				CLANG_ANALYZER_NONNULL = YES;
				CLANG_CXX_LANGUAGE_STANDARD = "gnu++0x";
				CLANG_CXX_LIBRARY = "libc++";
				CLANG_ENABLE_MODULES = YES;
				CLANG_ENABLE_OBJC_ARC = YES;
				CLANG_WARN_BOOL_CONVERSION = YES;
				CLANG_WARN_CONSTANT_CONVERSION = YES;
				CLANG_WARN_DIRECT_OBJC_ISA_USAGE = YES_ERROR;
				CLANG_WARN_DOCUMENTATION_COMMENTS = YES;
				CLANG_WARN_EMPTY_BODY = YES;
				CLANG_WARN_ENUM_CONVERSION = YES;
				CLANG_WARN_INFINITE_RECURSION = YES;
				CLANG_WARN_INT_CONVERSION = YES;
				CLANG_WARN_OBJC_ROOT_CLASS = YES_ERROR;
				CLANG_WARN_SUSPICIOUS_MOVES = YES;
				CLANG_WARN_UNREACHABLE_CODE = YES;
				CLANG_WARN__DUPLICATE_METHOD_MATCH = YES;
				"CODE_SIGN_IDENTITY[sdk=iphoneos*]" = "iPhone Developer";
				COPY_PHASE_STRIP = NO;
				DEBUG_INFORMATION_FORMAT = dwarf;
				ENABLE_STRICT_OBJC_MSGSEND = YES;
				ENABLE_TESTABILITY = YES;
				GCC_C_LANGUAGE_STANDARD = gnu99;
				GCC_DYNAMIC_NO_PIC = NO;
				GCC_NO_COMMON_BLOCKS = YES;
				GCC_OPTIMIZATION_LEVEL = 0;
				GCC_PREPROCESSOR_DEFINITIONS = (
					"DEBUG=1",
					"$(inherited)",
				);
				GCC_WARN_64_TO_32_BIT_CONVERSION = YES;
				GCC_WARN_ABOUT_RETURN_TYPE = YES_ERROR;
				GCC_WARN_UNDECLARED_SELECTOR = YES;
				GCC_WARN_UNINITIALIZED_AUTOS = YES_AGGRESSIVE;
				GCC_WARN_UNUSED_FUNCTION = YES;
				GCC_WARN_UNUSED_VARIABLE = YES;
				IPHONEOS_DEPLOYMENT_TARGET = 10.0;
				MTL_ENABLE_DEBUG_INFO = YES;
				ONLY_ACTIVE_ARCH = YES;
				SDKROOT = iphoneos;
				SWIFT_ACTIVE_COMPILATION_CONDITIONS = DEBUG;
				SWIFT_OPTIMIZATION_LEVEL = "-Onone";
				TARGETED_DEVICE_FAMILY = "1,2";
			};
			name = Debug;
		};
		3CA337501DD3992E00372183 /* Release */ = {
			isa = XCBuildConfiguration;
			buildSettings = {
				ALWAYS_SEARCH_USER_PATHS = NO;
				CLANG_ANALYZER_NONNULL = YES;
				CLANG_CXX_LANGUAGE_STANDARD = "gnu++0x";
				CLANG_CXX_LIBRARY = "libc++";
				CLANG_ENABLE_MODULES = YES;
				CLANG_ENABLE_OBJC_ARC = YES;
				CLANG_WARN_BOOL_CONVERSION = YES;
				CLANG_WARN_CONSTANT_CONVERSION = YES;
				CLANG_WARN_DIRECT_OBJC_ISA_USAGE = YES_ERROR;
				CLANG_WARN_DOCUMENTATION_COMMENTS = YES;
				CLANG_WARN_EMPTY_BODY = YES;
				CLANG_WARN_ENUM_CONVERSION = YES;
				CLANG_WARN_INFINITE_RECURSION = YES;
				CLANG_WARN_INT_CONVERSION = YES;
				CLANG_WARN_OBJC_ROOT_CLASS = YES_ERROR;
				CLANG_WARN_SUSPICIOUS_MOVES = YES;
				CLANG_WARN_UNREACHABLE_CODE = YES;
				CLANG_WARN__DUPLICATE_METHOD_MATCH = YES;
				"CODE_SIGN_IDENTITY[sdk=iphoneos*]" = "iPhone Developer";
				COPY_PHASE_STRIP = NO;
				DEBUG_INFORMATION_FORMAT = "dwarf-with-dsym";
				ENABLE_NS_ASSERTIONS = NO;
				ENABLE_STRICT_OBJC_MSGSEND = YES;
				GCC_C_LANGUAGE_STANDARD = gnu99;
				GCC_NO_COMMON_BLOCKS = YES;
				GCC_WARN_64_TO_32_BIT_CONVERSION = YES;
				GCC_WARN_ABOUT_RETURN_TYPE = YES_ERROR;
				GCC_WARN_UNDECLARED_SELECTOR = YES;
				GCC_WARN_UNINITIALIZED_AUTOS = YES_AGGRESSIVE;
				GCC_WARN_UNUSED_FUNCTION = YES;
				GCC_WARN_UNUSED_VARIABLE = YES;
				IPHONEOS_DEPLOYMENT_TARGET = 10.0;
				MTL_ENABLE_DEBUG_INFO = NO;
				SDKROOT = iphoneos;
				SWIFT_OPTIMIZATION_LEVEL = "-Owholemodule";
				TARGETED_DEVICE_FAMILY = "1,2";
				VALIDATE_PRODUCT = YES;
			};
			name = Release;
		};
		3CA337521DD3992E00372183 /* Debug */ = {
			isa = XCBuildConfiguration;
			buildSettings = {
				ASSETCATALOG_COMPILER_APPICON_NAME = AppIcon;
				INFOPLIST_FILE = Forecast.me/Info.plist;
				LD_RUNPATH_SEARCH_PATHS = "$(inherited) @executable_path/Frameworks";
				PRODUCT_BUNDLE_IDENTIFIER = "co.calebdavis.Forecast-me";
				PRODUCT_NAME = "$(TARGET_NAME)";
				SWIFT_VERSION = 3.0;
			};
			name = Debug;
		};
		3CA337531DD3992E00372183 /* Release */ = {
			isa = XCBuildConfiguration;
			buildSettings = {
				ASSETCATALOG_COMPILER_APPICON_NAME = AppIcon;
				INFOPLIST_FILE = Forecast.me/Info.plist;
				LD_RUNPATH_SEARCH_PATHS = "$(inherited) @executable_path/Frameworks";
				PRODUCT_BUNDLE_IDENTIFIER = "co.calebdavis.Forecast-me";
				PRODUCT_NAME = "$(TARGET_NAME)";
				SWIFT_VERSION = 3.0;
			};
			name = Release;
		};
/* End XCBuildConfiguration section */

/* Begin XCConfigurationList section */
		3CA3373A1DD3992E00372183 /* Build configuration list for PBXProject "Forecast.me" */ = {
			isa = XCConfigurationList;
			buildConfigurations = (
				3CA3374F1DD3992E00372183 /* Debug */,
				3CA337501DD3992E00372183 /* Release */,
			);
			defaultConfigurationIsVisible = 0;
			defaultConfigurationName = Release;
		};
		3CA337511DD3992E00372183 /* Build configuration list for PBXNativeTarget "Forecast.me" */ = {
			isa = XCConfigurationList;
			buildConfigurations = (
				3CA337521DD3992E00372183 /* Debug */,
				3CA337531DD3992E00372183 /* Release */,
			);
			defaultConfigurationIsVisible = 0;
			defaultConfigurationName = Release;
		};
/* End XCConfigurationList section */
	};
	rootObject = 3CA337371DD3992E00372183 /* Project object */;
}
